dependencies:
- name: common
  repository: https://charts.bitnami.com/bitnami
  version: 2.13.3
- name: postgresql
  repository: https://charts.bitnami.com/bitnami
  version: 12.12.10
- name: vault
  repository: https://helm.releases.hashicorp.com
  version: 0.24.1
digest: sha256:1b95f8a9f568f84ea7311e984c3a4c85270254dd33b42c9f6e9f606dc3f525e2
generated: "2023-10-19T09:44:57.183038226+02:00"
