dependencies:
- name: common
  repository: https://charts.bitnami.com/bitnami
  version: 2.20.2
- name: postgresql
  repository: https://charts.bitnami.com/bitnami
  version: 15.5.5
- name: vault
  repository: https://charts.bitnami.com/bitnami
  version: 1.4.6
digest: sha256:9b1f7019d584063cd0f0b83d80824ece3327280242d19f0207f017b647279e07
generated: "2024-06-13T18:47:06.530135114+02:00"
