# Generated by buf. DO NOT EDIT.
version: v2
deps:
  - name: buf.build/bufbuild/protovalidate
    commit: 2a1774d888024a9b93ce7eb4b59f6a83
    digest: b5:6b7f9bc919b65e5b79d7b726ffc03d6f815a412d6b792970fa6f065cae162107bd0a9d47272c8ab1a2c9514e87b13d3fbf71df614374d62d2183afb64be2d30a
  - name: buf.build/googleapis/googleapis
    commit: 4ed3bc159a8b4ac68fe253218760d035
    digest: b5:74a7798987b123218c004cf28543a2835e432ca04a69de99cd394a29dbad24d9ed38344f0b7c97ad6476039506c4eb38c2f4a8eef9cec3da2e38e4216a22d495
  - name: buf.build/grpc-ecosystem/grpc-gateway
    commit: 4c5ba75caaf84e928b7137ae5c18c26a
    digest: b5:c113e62fb3b29289af785866cae062b55ec8ae19ab3f08f3004098928fbca657730a06810b2012951294326b95669547194fa84476b9e9b688d4f8bf77a0691d
  - name: buf.build/kratos-go/kratos
    commit: e1d52e944e3845c6862a566db322432d
    digest: b5:4f4070912e66285385e6eb8f667edb8ca6fc0fc083bb8cb02ace7f5125aeacdcad055e44b0f5dad3da12079d330934b21d180c27d55fb3c3a18918565d8725ba
