{
  "name": "@chainloop-dev/policy-sdk",
  "version": "0.1.0",
  "lockfileVersion": 3,
  "requires": true,
  "packages": {
    "": {
      "name": "@chainloop-dev/policy-sdk",
      "version": "0.1.0",
      "license": "Apache-2.0",
      "dependencies": {
        "@extism/js-pdk": "^1.1.1"
      }
    },
    "node_modules/@extism/js-pdk": {
      "version": "1.1.1",
      "resolved": "https://registry.npmjs.org/@extism/js-pdk/-/js-pdk-1.1.1.tgz",
      "integrity": "sha512-VZLn/dX0ttA1uKk2PZeR/FL3N+nA1S5Vc7E5gdjkR60LuUIwCZT9cYON245V4HowHlBA7YOegh0TLjkx+wNbrA==",
      "license": "BSD-Clause-3",
      "dependencies": {
        "urlpattern-polyfill": "^8.0.2"
      }
    },
    "node_modules/urlpattern-polyfill": {
      "version": "8.0.2",
      "resolved": "https://registry.npmjs.org/urlpattern-polyfill/-/urlpattern-polyfill-8.0.2.tgz",
      "integrity": "sha512-Qp95D4TPJl1kC9SKigDcqgyM2VDVO4RiJc2d4qe5GrYm+zbIQCWWKAFaJNQ4BhdFeDGwBmAxqJBwWSJDb9T3BQ==",
      "license": "MIT"
    }
  }
}
