# Generated by buf. DO NOT EDIT.
version: v1
deps:
  - remote: buf.build
    owner: bufbuild
    repository: protovalidate
    commit: b983156c5e994cc9892e0ce3e64e17e0
  - remote: buf.build
    owner: googleapis
    repository: googleapis
    commit: 4ed3bc159a8b4ac68fe253218760d035
  - remote: buf.build
    owner: kratos-go
    repository: kratos
    commit: e1d52e944e3845c6862a566db322432d
