# Generated by buf. DO NOT EDIT.
version: v1
deps:
  - remote: buf.build
    owner: bufbuild
    repository: protovalidate
    commit: 46a4cf4ba1094a34bcd89a6c67163b4b
    digest: shake256:436ce453801917c11bc7b21d66bcfae87da2aceb804a041487be1e51dc9fbc219e61ea6a552db7a7aa6d63bb5efd0f3ed5fe3d4c42d4f750d0eb35f14144e3b6
  - remote: buf.build
    owner: googleapis
    repository: googleapis
    commit: f0e53af8f2fc4556b94f482688b57223
    digest: shake256:de26a277fc28b8b411ecf58729d78d32fcf15090ffd998a4469225b17889bfb51442eaab04bb7a8d88d203ecdf0a9febd4ffd52c18ed1c2229160c7bd353ca95
  - remote: buf.build
    owner: kratos-go
    repository: kratos
    commit: e1d52e944e3845c6862a566db322432d
