# Generated by buf. DO NOT EDIT.
version: v1
deps:
  - remote: buf.build
    owner: envoyproxy
    repository: protoc-gen-validate
    commit: 45685e052c7e406b9fbd441fc7a568a5
    digest: shake256:43ae5ae7c98887873d2b4991d094f11d856905e01cf9c478421e4be04a3c1068bdf905eaa68e6393a0e7922d92aafc4b92224e79144bf7ac698d8d49a1d0c435
  - remote: buf.build
    owner: googleapis
    repository: googleapis
    commit: cc916c31859748a68fd229a3c8d7a2e8
    digest: shake256:469b049d0eb04203d5272062636c078decefc96fec69739159c25d85349c50c34c7706918a8b216c5c27f76939df48452148cff8c5c3ae77fa6ba5c25c1b8bf8
